# This file was autogenerated by Stack.
# You should not edit this file by hand.
# For more information, please see the documentation at:
#   https://docs.haskellstack.org/en/stable/lock_files

packages:
- completed:
    hackage: cryptonite-0.27@sha256:c3a9c8ce11e654a9d5bee827b089d4b50587272828d0c52a85362a58667a916c,18163
    pantry-tree:
      size: 22989
      sha256: 6eeff10404aecc9028ed21e107d92dd58616dc2d1c4413c04a6dc3ce3fc3ca40
  original:
    hackage: cryptonite-0.27@sha256:c3a9c8ce11e654a9d5bee827b089d4b50587272828d0c52a85362a58667a916c,18163
snapshots:
- completed:
    size: 586110
    url: https://raw.githubusercontent.com/commercialhaskell/stackage-snapshots/master/lts/18/21.yaml
    sha256: ce4fb8d44f3c6c6032060a02e0ebb1bd29937c9a70101c1517b92a87d9515160
  original:
    url: https://raw.githubusercontent.com/commercialhaskell/stackage-snapshots/master/lts/18/21.yaml
